# This file is automatically @generated by Cargo.
# It is not intended for manual editing.
version = 4

[[package]]
name = "ambient-authority"
version = "0.0.2"
source = "registry+https://github.com/rust-lang/crates.io-index"
checksum = "e9d4ee0d472d1cd2e28c97dfa124b3d8d992e10eb0a035f33f5d12e3a177ba3b"

[[package]]
name = "bitflags"
version = "2.8.0"
source = "registry+https://github.com/rust-lang/crates.io-index"
checksum = "8f68f53c83ab957f72c32642f3868eec03eb974d1fb82e453128456482613d36"

[[package]]
name = "cap-fs-ext"
version = "3.4.2"
source = "registry+https://github.com/rust-lang/crates.io-index"
checksum = "7f78efdd7378980d79c0f36b519e51191742d2c9f91ffa5e228fba9f3806d2e1"
dependencies = [
 "cap-primitives",
 "cap-std",
 "io-lifetimes",
 "windows-sys 0.59.0",
]

[[package]]
name = "cap-primitives"
version = "3.4.2"
source = "registry+https://github.com/rust-lang/crates.io-index"
checksum = "8fc15faeed2223d8b8e8cc1857f5861935a06d06713c4ac106b722ae9ce3c369"
dependencies = [
 "ambient-authority",
 "fs-set-times",
 "io-extras",
 "io-lifetimes",
 "ipnet",
 "maybe-owned",
 "rustix",
 "windows-sys 0.59.0",
 "winx",
]

[[package]]
name = "cap-std"
version = "3.4.2"
source = "registry+https://github.com/rust-lang/crates.io-index"
checksum = "c3dbd3e8e8d093d6ccb4b512264869e1281cdb032f7940bd50b2894f96f25609"
dependencies = [
 "cap-primitives",
 "io-extras",
 "io-lifetimes",
 "rustix",
]

[[package]]
name = "cfg-if"
version = "1.0.0"
source = "registry+https://github.com/rust-lang/crates.io-index"
checksum = "baf1de4339761588bc0619e3cbc0120ee582ebb74b53b4efbf79117bd2da40fd"

[[package]]
name = "duplex"
version = "0.16.0"
source = "registry+https://github.com/rust-lang/crates.io-index"
checksum = "4f4b4ccdcb95f0ced5ddc8e3dbac4a2f029e9433c5ee94e9b9d7c148c86ffcd4"

[[package]]
name = "errno"
version = "0.3.10"
source = "registry+https://github.com/rust-lang/crates.io-index"
checksum = "33d852cb9b869c2a9b3df2f71a3074817f01e1844f839a144f5fcef059a4eb5d"
dependencies = [
 "libc",
 "windows-sys 0.59.0",
]

[[package]]
name = "fd-lock"
version = "4.0.2"
source = "registry+https://github.com/rust-lang/crates.io-index"
checksum = "7e5768da2206272c81ef0b5e951a41862938a6070da63bcea197899942d3b947"
dependencies = [
 "cfg-if",
 "rustix",
 "windows-sys 0.52.0",
]

[[package]]
name = "fs-set-times"
version = "0.20.2"
source = "registry+https://github.com/rust-lang/crates.io-index"
checksum = "5e2e6123af26f0f2c51cc66869137080199406754903cc926a7690401ce09cb4"
dependencies = [
 "io-lifetimes",
 "rustix",
 "windows-sys 0.59.0",
]

[[package]]
name = "getrandom"
version = "0.2.15"
source = "registry+https://github.com/rust-lang/crates.io-index"
checksum = "c4567c8db10ae91089c99af84c68c38da3ec2f087c3f82960bcdbf3656b6f4d7"
dependencies = [
 "cfg-if",
 "libc",
 "wasi",
]

[[package]]
name = "io-extras"
version = "0.18.4"
source = "registry+https://github.com/rust-lang/crates.io-index"
checksum = "2285ddfe3054097ef4b2fe909ef8c3bcd1ea52a8f0d274416caebeef39f04a65"
dependencies = [
 "io-lifetimes",
 "os_pipe",
 "windows-sys 0.59.0",
]

[[package]]
name = "io-lifetimes"
version = "2.0.4"
source = "registry+https://github.com/rust-lang/crates.io-index"
checksum = "06432fb54d3be7964ecd3649233cddf80db2832f47fec34c01f65b3d9d774983"
dependencies = [
 "os_pipe",
]

[[package]]
name = "io-streams"
version = "0.16.3"
source = "registry+https://github.com/rust-lang/crates.io-index"
checksum = "dda35e0531ef22cbc0c5ed6d000d1dca8653e64e78925d5db1477c4523e36814"
dependencies = [
 "duplex",
 "io-extras",
 "io-lifetimes",
 "memchr",
 "os_pipe",
 "parking",
 "rustix",
 "system-interface",
]

[[package]]
name = "ipnet"
version = "2.11.0"
source = "registry+https://github.com/rust-lang/crates.io-index"
checksum = "469fb0b9cefa57e3ef31275ee7cacb78f2fdca44e4765491884a2b119d4eb130"

[[package]]
name = "itoa"
version = "1.0.14"
source = "registry+https://github.com/rust-lang/crates.io-index"
checksum = "d75a2a4b1b190afb6f5425f10f6a8f959d2ea0b9c2b1d79553551850539e4674"

[[package]]
name = "libc"
version = "0.2.169"
source = "registry+https://github.com/rust-lang/crates.io-index"
checksum = "b5aba8db14291edd000dfcc4d620c7ebfb122c613afb886ca8803fa4e128a20a"

[[package]]
name = "linux-raw-sys"
version = "0.4.15"
source = "registry+https://github.com/rust-lang/crates.io-index"
checksum = "d26c52dbd32dccf2d10cac7725f8eae5296885fb5703b261f7d0a0739ec807ab"

[[package]]
name = "maybe-owned"
version = "0.3.4"
source = "registry+https://github.com/rust-lang/crates.io-index"
checksum = "4facc753ae494aeb6e3c22f839b158aebd4f9270f55cd3c79906c45476c47ab4"

[[package]]
name = "memchr"
version = "2.7.4"
source = "registry+https://github.com/rust-lang/crates.io-index"
checksum = "78ca9ab1a0babb1e7d5695e3530886289c18cf2f87ec19a575a0abdce112e3a3"

[[package]]
name = "once_cell"
version = "1.20.2"
source = "registry+https://github.com/rust-lang/crates.io-index"
checksum = "1261fe7e33c73b354eab43b1273a57c8f967d0391e80353e51f764ac02cf6775"

[[package]]
name = "os_pipe"
version = "1.2.1"
source = "registry+https://github.com/rust-lang/crates.io-index"
checksum = "5ffd2b0a5634335b135d5728d84c5e0fd726954b87111f7506a61c502280d982"
dependencies = [
 "libc",
 "windows-sys 0.59.0",
]

[[package]]
name = "parking"
version = "2.2.1"
source = "registry+https://github.com/rust-lang/crates.io-index"
checksum = "f38d5652c16fde515bb1ecef450ab0f6a219d619a7274976324d5e377f7dceba"

[[package]]
name = "plob"
version = "0.1.0"
dependencies = [
 "io-streams",
]

[[package]]
name = "rustix"
version = "0.38.44"
source = "registry+https://github.com/rust-lang/crates.io-index"
checksum = "fdb5bc1ae2baa591800df16c9ca78619bf65c0488b41b96ccec5d11220d8c154"
dependencies = [
 "bitflags",
 "errno",
 "itoa",
 "libc",
 "linux-raw-sys",
 "once_cell",
 "windows-sys 0.59.0",
]

[[package]]
name = "socketpair"
version = "0.19.5"
source = "registry+https://github.com/rust-lang/crates.io-index"
checksum = "255e2c62749a9d8a59a7957add782c441e1a52a18d03d7bfde6211cf7bac94f6"
dependencies = [
 "io-extras",
 "io-lifetimes",
 "rustix",
 "uuid",
 "windows-sys 0.52.0",
]

[[package]]
name = "system-interface"
version = "0.27.3"
source = "registry+https://github.com/rust-lang/crates.io-index"
checksum = "cc4592f674ce18521c2a81483873a49596655b179f71c5e05d10c1fe66c78745"
dependencies = [
 "bitflags",
 "cap-fs-ext",
 "cap-std",
 "fd-lock",
 "io-lifetimes",
 "os_pipe",
 "rustix",
 "socketpair",
 "windows-sys 0.59.0",
 "winx",
]

[[package]]
name = "uuid"
version = "1.12.1"
source = "registry+https://github.com/rust-lang/crates.io-index"
checksum = "b3758f5e68192bb96cc8f9b7e2c2cfdabb435499a28499a42f8f984092adad4b"
dependencies = [
 "getrandom",
]

[[package]]
name = "wasi"
version = "0.11.0+wasi-snapshot-preview1"
source = "registry+https://github.com/rust-lang/crates.io-index"
checksum = "9c8d87e72b64a3b4db28d11ce29237c246188f4f51057d65a7eab63b7987e423"

[[package]]
name = "windows-sys"
version = "0.52.0"
source = "registry+https://github.com/rust-lang/crates.io-index"
checksum = "282be5f36a8ce781fad8c8ae18fa3f9beff57ec1b52cb3de0789201425d9a33d"
dependencies = [
 "windows-targets",
]

[[package]]
name = "windows-sys"
version = "0.59.0"
source = "registry+https://github.com/rust-lang/crates.io-index"
checksum = "1e38bc4d79ed67fd075bcc251a1c39b32a1776bbe92e5bef1f0bf1f8c531853b"
dependencies = [
 "windows-targets",
]

[[package]]
name = "windows-targets"
version = "0.52.6"
source = "registry+https://github.com/rust-lang/crates.io-index"
checksum = "9b724f72796e036ab90c1021d4780d4d3d648aca59e491e6b98e725b84e99973"
dependencies = [
 "windows_aarch64_gnullvm",
 "windows_aarch64_msvc",
 "windows_i686_gnu",
 "windows_i686_gnullvm",
 "windows_i686_msvc",
 "windows_x86_64_gnu",
 "windows_x86_64_gnullvm",
 "windows_x86_64_msvc",
]

[[package]]
name = "windows_aarch64_gnullvm"
version = "0.52.6"
source = "registry+https://github.com/rust-lang/crates.io-index"
checksum = "32a4622180e7a0ec044bb555404c800bc9fd9ec262ec147edd5989ccd0c02cd3"

[[package]]
name = "windows_aarch64_msvc"
version = "0.52.6"
source = "registry+https://github.com/rust-lang/crates.io-index"
checksum = "09ec2a7bb152e2252b53fa7803150007879548bc709c039df7627cabbd05d469"

[[package]]
name = "windows_i686_gnu"
version = "0.52.6"
source = "registry+https://github.com/rust-lang/crates.io-index"
checksum = "8e9b5ad5ab802e97eb8e295ac6720e509ee4c243f69d781394014ebfe8bbfa0b"

[[package]]
name = "windows_i686_gnullvm"
version = "0.52.6"
source = "registry+https://github.com/rust-lang/crates.io-index"
checksum = "0eee52d38c090b3caa76c563b86c3a4bd71ef1a819287c19d586d7334ae8ed66"

[[package]]
name = "windows_i686_msvc"
version = "0.52.6"
source = "registry+https://github.com/rust-lang/crates.io-index"
checksum = "240948bc05c5e7c6dabba28bf89d89ffce3e303022809e73deaefe4f6ec56c66"

[[package]]
name = "windows_x86_64_gnu"
version = "0.52.6"
source = "registry+https://github.com/rust-lang/crates.io-index"
checksum = "147a5c80aabfbf0c7d901cb5895d1de30ef2907eb21fbbab29ca94c5b08b1a78"

[[package]]
name = "windows_x86_64_gnullvm"
version = "0.52.6"
source = "registry+https://github.com/rust-lang/crates.io-index"
checksum = "24d5b23dc417412679681396f2b49f3de8c1473deb516bd34410872eff51ed0d"

[[package]]
name = "windows_x86_64_msvc"
version = "0.52.6"
source = "registry+https://github.com/rust-lang/crates.io-index"
checksum = "589f6da84c646204747d1270a2a5661ea66ed1cced2631d546fdfb155959f9ec"

[[package]]
name = "winx"
version = "0.36.4"
source = "registry+https://github.com/rust-lang/crates.io-index"
checksum = "3f3fd376f71958b862e7afb20cfe5a22830e1963462f3a17f49d82a6c1d1f42d"
dependencies = [
 "bitflags",
 "windows-sys 0.59.0",
]
